<?xml version="1.0" encoding="utf-8"?>
<Project ToolsVersion="4.0" xmlns="http://schemas.microsoft.com/developer/msbuild/2003">
  <ItemGroup>
    <Filter Include="Source Files">
      <UniqueIdentifier>{4FC737F1-C7A5-4376-A066-2A32D752A2FF}</UniqueIdentifier>
      <Extensions>cpp;c;cc;cxx;def;odl;idl;hpj;bat;asm;asmx</Extensions>
    </Filter>
    <Filter Include="Header Files">
      <UniqueIdentifier>{93995380-89BD-4b04-88EB-625FBE52EBFB}</UniqueIdentifier>
      <Extensions>h;hh;hpp;hxx;hm;inl;inc;ipp;xsd</Extensions>
    </Filter>
    <Filter Include="Resource Files">
      <UniqueIdentifier>{67DA6AB6-F800-4c08-8B7A-83BB121AAD01}</UniqueIdentifier>
      <Extensions>rc;ico;cur;bmp;dlg;rc2;rct;bin;rgs;gif;jpg;jpeg;jpe;resx;tiff;tif;png;wav;mfcribbon-ms</Extensions>
    </Filter>
  </ItemGroup>
  <ItemGroup>
    <ClCompile Include="Application.cpp">
      <Filter>Source Files</Filter>
    </ClCompile>
    <ClCompile Include="CoreFramework\Game.cpp">
      <Filter>Source Files</Filter>
    </ClCompile>
    <ClCompile Include="CoreFramework\GameComponent.cpp">
      <Filter>Source Files</Filter>
    </ClCompile>
    <ClCompile Include="CoreFramework\Level.cpp">
      <Filter>Source Files</Filter>
    </ClCompile>
    <ClCompile Include="ECS\Component.cpp">
      <Filter>Source Files</Filter>
    </ClCompile>
    <ClCompile Include="ECS\ComponentContainer.cpp">
      <Filter>Source Files</Filter>
    </ClCompile>
    <ClCompile Include="ECS\ComponentManager.cpp">
      <Filter>Source Files</Filter>
    </ClCompile>
    <ClCompile Include="ECS\Entity.cpp">
      <Filter>Source Files</Filter>
    </ClCompile>
    <ClCompile Include="CoreFramework\GameMode.cpp">
      <Filter>Source Files</Filter>
    </ClCompile>
    <ClCompile Include="CoreFramework\Renderer.cpp">
      <Filter>Source Files</Filter>
    </ClCompile>
    <ClCompile Include="DataStructrues\SparseSet.cpp">
      <Filter>Source Files</Filter>
    </ClCompile>
    <ClCompile Include="ECS\EntityManager.cpp">
      <Filter>Source Files</Filter>
    </ClCompile>
    <ClCompile Include="ECS\System.cpp">
      <Filter>Source Files</Filter>
    </ClCompile>
    <ClCompile Include="ECS\SystemScheduler.cpp">
      <Filter>Source Files</Filter>
    </ClCompile>
    <ClCompile Include="MainGame\MainGameMode.cpp">
      <Filter>Source Files</Filter>
    </ClCompile>
    <ClCompile Include="Primitives\Color.cpp">
      <Filter>Source Files</Filter>
    </ClCompile>
    <ClCompile Include="Primitives\Rect.cpp">
      <Filter>Source Files</Filter>
    </ClCompile>
    <ClCompile Include="Systems\RenderingSystem.cpp">
      <Filter>Source Files</Filter>
    </ClCompile>
    <ClCompile Include="Components\Factories\CollisionComponentFactory.cpp">
      <Filter>Source Files</Filter>
    </ClCompile>
    <ClCompile Include="Components\Factories\LocationComponentFactory.cpp">
      <Filter>Source Files</Filter>
    </ClCompile>
    <ClCompile Include="Components\Factories\TextureRendererFactory.cpp">
      <Filter>Source Files</Filter>
    </ClCompile>
    <ClCompile Include="CoreFramework\AssetManager.cpp">
      <Filter>Source Files</Filter>
    </ClCompile>
    <ClCompile Include="CoreFramework\Camera.cpp">
      <Filter>Source Files</Filter>
    </ClCompile>
    <ClCompile Include="DataStructrues\HashedString.cpp">
      <Filter>Source Files</Filter>
    </ClCompile>
    <ClCompile Include="DataStructrues\Vector.cpp">
      <Filter>Source Files</Filter>
    </ClCompile>
    <ClCompile Include="ECS\ComponentFactory.cpp">
      <Filter>Source Files</Filter>
    </ClCompile>
    <ClCompile Include="ECS\EntityFactory.cpp">
      <Filter>Source Files</Filter>
    </ClCompile>
    <ClCompile Include="GameplayMessages\GameplayMessages.cpp">
      <Filter>Source Files</Filter>
    </ClCompile>
    <ClCompile Include="Input\GenericHandle.cpp">
      <Filter>Source Files</Filter>
    </ClCompile>
    <ClCompile Include="Input\Input.cpp">
      <Filter>Source Files</Filter>
    </ClCompile>
    <ClCompile Include="Input\InputAction.cpp">
      <Filter>Source Files</Filter>
    </ClCompile>
    <ClCompile Include="Input\InputEventType.cpp">
      <Filter>Source Files</Filter>
    </ClCompile>
    <ClCompile Include="Input\InputReceiver.cpp">
      <Filter>Source Files</Filter>
    </ClCompile>
    <ClCompile Include="Levels\Chunk.cpp">
      <Filter>Source Files</Filter>
    </ClCompile>
    <ClCompile Include="Levels\LevelInstance.cpp">
      <Filter>Source Files</Filter>
    </ClCompile>
    <ClCompile Include="Systems\CreatureAISystem.cpp">
      <Filter>Source Files</Filter>
    </ClCompile>
    <ClCompile Include="Systems\MovementSystem.cpp">
      <Filter>Source Files</Filter>
    </ClCompile>
    <ClCompile Include="Utilities\DirectoryHelpers.cpp">
      <Filter>Source Files</Filter>
    </ClCompile>
    <ClCompile Include="Utilities\SingletonHelpers.cpp">
      <Filter>Source Files</Filter>
    </ClCompile>
    <ClCompile Include="Utilities\WorldPositionUtility.cpp">
      <Filter>Source Files</Filter>
    </ClCompile>
  </ItemGroup>
  <ItemGroup>
    <ClInclude Include="Application.h">
      <Filter>Header Files</Filter>
    </ClInclude>
    <ClInclude Include="CoreFramework\Game.h">
      <Filter>Header Files</Filter>
    </ClInclude>
    <ClInclude Include="CoreFramework\GameComponent.h">
      <Filter>Header Files</Filter>
    </ClInclude>
    <ClInclude Include="CoreFramework\Level.h">
      <Filter>Header Files</Filter>
    </ClInclude>
    <ClInclude Include="ECS\Component.h">
      <Filter>Header Files</Filter>
    </ClInclude>
    <ClInclude Include="ECS\ComponentContainer.h">
      <Filter>Header Files</Filter>
    </ClInclude>
    <ClInclude Include="ECS\ComponentManager.h">
      <Filter>Header Files</Filter>
    </ClInclude>
    <ClInclude Include="ECS\Entity.h">
      <Filter>Header Files</Filter>
    </ClInclude>
    <ClInclude Include="..\Thirdparty\Json\json.hpp">
      <Filter>Header Files</Filter>
    </ClInclude>
    <ClInclude Include="Components\LocationComponent.h">
      <Filter>Header Files</Filter>
    </ClInclude>
    <ClInclude Include="CoreFramework\GameMode.h">
      <Filter>Header Files</Filter>
    </ClInclude>
    <ClInclude Include="CoreFramework\Renderer.h">
      <Filter>Header Files</Filter>
    </ClInclude>
    <ClInclude Include="DataStructrues\SparseSet.h">
      <Filter>Header Files</Filter>
    </ClInclude>
    <ClInclude Include="ECS\EntityManager.h">
      <Filter>Header Files</Filter>
    </ClInclude>
    <ClInclude Include="ECS\System.h">
      <Filter>Header Files</Filter>
    </ClInclude>
    <ClInclude Include="ECS\SystemScheduler.h">
      <Filter>Header Files</Filter>
    </ClInclude>
    <ClInclude Include="MainGame\MainGameMode.h">
      <Filter>Header Files</Filter>
    </ClInclude>
    <ClInclude Include="Primitives\Color.h">
      <Filter>Header Files</Filter>
    </ClInclude>
    <ClInclude Include="Primitives\Rect.h">
      <Filter>Header Files</Filter>
    </ClInclude>
    <ClInclude Include="Systems\RenderingSystem.h">
      <Filter>Header Files</Filter>
    </ClInclude>
    <ClInclude Include="Components\CollisionComponent.h">
      <Filter>Header Files</Filter>
    </ClInclude>
    <ClInclude Include="Components\CreatureComponent.h">
      <Filter>Header Files</Filter>
    </ClInclude>
    <ClInclude Include="Components\Factories\CollisionComponentFactory.h">
      <Filter>Header Files</Filter>
    </ClInclude>
    <ClInclude Include="Components\Factories\LocationComponentFactory.h">
      <Filter>Header Files</Filter>
    </ClInclude>
    <ClInclude Include="Components\Factories\TextureRendererFactory.h">
      <Filter>Header Files</Filter>
    </ClInclude>
    <ClInclude Include="Components\MovementComponent.h">
      <Filter>Header Files</Filter>
    </ClInclude>
    <ClInclude Include="Components\TextureRendererComponent.h">
      <Filter>Header Files</Filter>
    </ClInclude>
    <ClInclude Include="CoreFramework\AssetManager.h">
      <Filter>Header Files</Filter>
    </ClInclude>
    <ClInclude Include="CoreFramework\Camera.h">
      <Filter>Header Files</Filter>
    </ClInclude>
    <ClInclude Include="CoreFramework\EngineStatics.h">
      <Filter>Header Files</Filter>
    </ClInclude>
    <ClInclude Include="DataStructrues\HashedString.h">
      <Filter>Header Files</Filter>
    </ClInclude>
    <ClInclude Include="DataStructrues\Vector.h">
      <Filter>Header Files</Filter>
    </ClInclude>
    <ClInclude Include="ECS\ComponentFactory.h">
      <Filter>Header Files</Filter>
    </ClInclude>
    <ClInclude Include="ECS\EntityFactory.h">
      <Filter>Header Files</Filter>
    </ClInclude>
    <ClInclude Include="GameplayMessages\GameplayMessages.h">
      <Filter>Header Files</Filter>
    </ClInclude>
    <ClInclude Include="Input\GenericHandle.h">
      <Filter>Header Files</Filter>
    </ClInclude>
    <ClInclude Include="Input\Input.h">
      <Filter>Header Files</Filter>
    </ClInclude>
    <ClInclude Include="Input\InputAction.h">
      <Filter>Header Files</Filter>
    </ClInclude>
    <ClInclude Include="Input\InputEventType.h">
      <Filter>Header Files</Filter>
    </ClInclude>
    <ClInclude Include="Input\InputReceiver.h">
      <Filter>Header Files</Filter>
    </ClInclude>
    <ClInclude Include="Levels\Chunk.h">
      <Filter>Header Files</Filter>
    </ClInclude>
    <ClInclude Include="Levels\LevelInstance.h">
      <Filter>Header Files</Filter>
    </ClInclude>
    <ClInclude Include="Systems\CreatureAISystem.h">
      <Filter>Header Files</Filter>
    </ClInclude>
    <ClInclude Include="Systems\MovementSystem.h">
      <Filter>Header Files</Filter>
    </ClInclude>
    <ClInclude Include="Utilities\DirectoryHelpers.h">
      <Filter>Header Files</Filter>
    </ClInclude>
    <ClInclude Include="Utilities\SingletonHelpers.h">
      <Filter>Header Files</Filter>
    </ClInclude>
    <ClInclude Include="Utilities\WorldPositionUtility.h">
      <Filter>Header Files</Filter>
    </ClInclude>
  </ItemGroup>
</Project>